
Microsoft Visual Studio Solution File, Format Version 12.00
# Visual Studio Version 17
VisualStudioVersion = 17.14.37203.1 d17.14
MinimumVisualStudioVersion = 10.0.40219.1
Project("{FAE04EC0-301F-11D3-BF4B-00C04F79EFBC}") = "DMST", "DMST\DMST.csproj", "{92213591-4C0A-4614-B4A2-4EFE00D8B476}"
EndProject
Global
	GlobalSection(SolutionConfigurationPlatforms) = preSolution
		Debug|Any CPU = Debug|Any CPU
		Release|Any CPU = Release|Any CPU
	EndGlobalSection
	GlobalSection(ProjectConfigurationPlatforms) = postSolution
		{92213591-4C0A-4614-B4A2-4EFE00D8B476}.Debug|Any CPU.ActiveCfg = Debug|Any CPU
		{92213591-4C0A-4614-B4A2-4EFE00D8B476}.Debug|Any CPU.Build.0 = Debug|Any CPU
		{92213591-4C0A-4614-B4A2-4EFE00D8B476}.Release|Any CPU.ActiveCfg = Release|Any CPU
		{92213591-4C0A-4614-B4A2-4EFE00D8B476}.Release|Any CPU.Build.0 = Release|Any CPU
	EndGlobalSection
	GlobalSection(SolutionProperties) = preSolution
		HideSolutionNode = FALSE
	EndGlobalSection
	GlobalSection(ExtensibilityGlobals) = postSolution
		SolutionGuid = {E4FD72E2-270C-4DE6-881D-8ECA3A789124}
	EndGlobalSection
EndGlobal
